
Microsoft Visual Studio Solution File, Format Version 12.00
# Visual Studio Version 16
VisualStudioVersion = 16.0.30413.136
MinimumVisualStudioVersion = 10.0.40219.1
Project("{FAE04EC0-301F-11D3-BF4B-00C04F79EFBC}") = "CalcLib", "CalcLib\CalcLib.csproj", "{F06366CE-7577-4793-A268-9D3A21B84457}"
EndProject
Project("{FAE04EC0-301F-11D3-BF4B-00C04F79EFBC}") = "CalcLib.Tests", "CalcLib.Tests\CalcLib.Tests.csproj", "{FC7D95F2-99C4-41FD-94AB-A707B35A315C}"
EndProject
Global
	GlobalSection(SolutionConfigurationPlatforms) = preSolution
		Debug|Any CPU = Debug|Any CPU
		Release|Any CPU = Release|Any CPU
	EndGlobalSection
	GlobalSection(ProjectConfigurationPlatforms) = postSolution
		{F06366CE-7577-4793-A268-9D3A21B84457}.Debug|Any CPU.ActiveCfg = Debug|Any CPU
		{F06366CE-7577-4793-A268-9D3A21B84457}.Debug|Any CPU.Build.0 = Debug|Any CPU
		{F06366CE-7577-4793-A268-9D3A21B84457}.Release|Any CPU.ActiveCfg = Release|Any CPU
		{F06366CE-7577-4793-A268-9D3A21B84457}.Release|Any CPU.Build.0 = Release|Any CPU
		{FC7D95F2-99C4-41FD-94AB-A707B35A315C}.Debug|Any CPU.ActiveCfg = Debug|Any CPU
		{FC7D95F2-99C4-41FD-94AB-A707B35A315C}.Debug|Any CPU.Build.0 = Debug|Any CPU
		{FC7D95F2-99C4-41FD-94AB-A707B35A315C}.Release|Any CPU.ActiveCfg = Release|Any CPU
		{FC7D95F2-99C4-41FD-94AB-A707B35A315C}.Release|Any CPU.Build.0 = Release|Any CPU
	EndGlobalSection
	GlobalSection(SolutionProperties) = preSolution
		HideSolutionNode = FALSE
	EndGlobalSection
	GlobalSection(ExtensibilityGlobals) = postSolution
		SolutionGuid = {4C4BA16B-A7A8-4DC2-9A04-98532C7FCEDC}
	EndGlobalSection
EndGlobal
